
Microsoft Visual Studio Solution File, Format Version 12.00
# Visual Studio Version 17
VisualStudioVersion = 17.2.32616.157
MinimumVisualStudioVersion = 10.0.40219.1
Project("{888888A0-9F3D-457C-B088-3A5042F75D52}") = "TRBLSummarizer", "TRBL Summarizer\TRBLSummarizer.pyproj", "{A594B07B-DF7D-4230-95BB-73B261A15679}"
EndProject
Global
	GlobalSection(SolutionConfigurationPlatforms) = preSolution
		Debug|Any CPU = Debug|Any CPU
		Release|Any CPU = Release|Any CPU
	EndGlobalSection
	GlobalSection(ProjectConfigurationPlatforms) = postSolution
		{A594B07B-DF7D-4230-95BB-73B261A15679}.Debug|Any CPU.ActiveCfg = Debug|Any CPU
		{A594B07B-DF7D-4230-95BB-73B261A15679}.Release|Any CPU.ActiveCfg = Release|Any CPU
	EndGlobalSection
	GlobalSection(SolutionProperties) = preSolution
		HideSolutionNode = FALSE
	EndGlobalSection
	GlobalSection(ExtensibilityGlobals) = postSolution
		SolutionGuid = {3FAF5E39-428B-4734-80DC-BF1E7A5A74B9}
	EndGlobalSection
EndGlobal
